
Microsoft Visual Studio Solution File, Format Version 12.00
# Visual Studio Version 17
VisualStudioVersion = 17.5.33530.505
MinimumVisualStudioVersion = 10.0.40219.1
Project("{FAE04EC0-301F-11D3-BF4B-00C04F79EFBC}") = "Act1_U2", "Act1_U2.csproj", "{6FCA5955-A661-4DFE-8257-0A126F3B8354}"
EndProject
Global
	GlobalSection(SolutionConfigurationPlatforms) = preSolution
		Debug|Any CPU = Debug|Any CPU
		Release|Any CPU = Release|Any CPU
	EndGlobalSection
	GlobalSection(ProjectConfigurationPlatforms) = postSolution
		{6FCA5955-A661-4DFE-8257-0A126F3B8354}.Debug|Any CPU.ActiveCfg = Debug|Any CPU
		{6FCA5955-A661-4DFE-8257-0A126F3B8354}.Debug|Any CPU.Build.0 = Debug|Any CPU
		{6FCA5955-A661-4DFE-8257-0A126F3B8354}.Release|Any CPU.ActiveCfg = Release|Any CPU
		{6FCA5955-A661-4DFE-8257-0A126F3B8354}.Release|Any CPU.Build.0 = Release|Any CPU
	EndGlobalSection
	GlobalSection(SolutionProperties) = preSolution
		HideSolutionNode = FALSE
	EndGlobalSection
	GlobalSection(ExtensibilityGlobals) = postSolution
		SolutionGuid = {E10B6C77-659F-409C-B5FE-DB476958DDB8}
	EndGlobalSection
EndGlobal
